
Microsoft Visual Studio Solution File, Format Version 11.00
# Visual Studio 2010
Project("{FAE04EC0-301F-11D3-BF4B-00C04F79EFBC}") = "TcpListenerDemo", "TcpListenerDemo\TcpListenerDemo.csproj", "{209D8192-287D-4485-9C42-EB4847A46C8F}"
EndProject
Global
	GlobalSection(SolutionConfigurationPlatforms) = preSolution
		Debug|Any CPU = Debug|Any CPU
		Release|Any CPU = Release|Any CPU
	EndGlobalSection
	GlobalSection(ProjectConfigurationPlatforms) = postSolution
		{209D8192-287D-4485-9C42-EB4847A46C8F}.Debug|Any CPU.ActiveCfg = Debug|Any CPU
		{209D8192-287D-4485-9C42-EB4847A46C8F}.Debug|Any CPU.Build.0 = Debug|Any CPU
		{209D8192-287D-4485-9C42-EB4847A46C8F}.Release|Any CPU.ActiveCfg = Release|Any CPU
		{209D8192-287D-4485-9C42-EB4847A46C8F}.Release|Any CPU.Build.0 = Release|Any CPU
	EndGlobalSection
	GlobalSection(SolutionProperties) = preSolution
		HideSolutionNode = FALSE
	EndGlobalSection
EndGlobal
